
Microsoft Visual Studio Solution File, Format Version 12.00
# Visual Studio 14
VisualStudioVersion = 14.0.25420.1
MinimumVisualStudioVersion = 10.0.40219.1
Project("{FAE04EC0-301F-11D3-BF4B-00C04F79EFBC}") = "Lex-Diary-Admin-Panel", "Lex-Diary-Admin-Panel\Lex-Diary-Admin-Panel.csproj", "{666159A0-8326-4DF3-A9A1-7AF033C63770}"
EndProject
Global
	GlobalSection(SolutionConfigurationPlatforms) = preSolution
		Debug|Any CPU = Debug|Any CPU
		Release|Any CPU = Release|Any CPU
	EndGlobalSection
	GlobalSection(ProjectConfigurationPlatforms) = postSolution
		{666159A0-8326-4DF3-A9A1-7AF033C63770}.Debug|Any CPU.ActiveCfg = Debug|Any CPU
		{666159A0-8326-4DF3-A9A1-7AF033C63770}.Debug|Any CPU.Build.0 = Debug|Any CPU
		{666159A0-8326-4DF3-A9A1-7AF033C63770}.Release|Any CPU.ActiveCfg = Release|Any CPU
		{666159A0-8326-4DF3-A9A1-7AF033C63770}.Release|Any CPU.Build.0 = Release|Any CPU
	EndGlobalSection
	GlobalSection(SolutionProperties) = preSolution
		HideSolutionNode = FALSE
	EndGlobalSection
EndGlobal
